// !$*UTF8*$!
{
	archiveVersion = 1;
	classes = {
	};
	objectVersion = 56;
	objects = {

/* Begin PBXBuildFile section */
		CE7047C92B41F0A700CB69AD /* Crypto_iosApp.swift in Sources */ = {isa = PBXBuildFile; fileRef = CE7047C82B41F0A700CB69AD /* Crypto_iosApp.swift */; };
		CE7047CB2B41F0A700CB69AD /* ContentView.swift in Sources */ = {isa = PBXBuildFile; fileRef = CE7047CA2B41F0A700CB69AD /* ContentView.swift */; };
		CE7047CD2B41F0A800CB69AD /* Assets.xcassets in Resources */ = {isa = PBXBuildFile; fileRef = CE7047CC2B41F0A800CB69AD /* Assets.xcassets */; };
		CE7047D02B41F0A800CB69AD /* Preview Assets.xcassets in Resources */ = {isa = PBXBuildFile; fileRef = CE7047CF2B41F0A800CB69AD /* Preview Assets.xcassets */; };
		CE7047D82B420DEF00CB69AD /* Color.swift in Sources */ = {isa = PBXBuildFile; fileRef = CE7047D72B420DEF00CB69AD /* Color.swift */; };
		CE7047DE2B42134600CB69AD /* HomeView.swift in Sources */ = {isa = PBXBuildFile; fileRef = CE7047DD2B42134600CB69AD /* HomeView.swift */; };
		CE7047E32B422CBE00CB69AD /* CircleButtonView.swift in Sources */ = {isa = PBXBuildFile; fileRef = CE7047E22B422CBE00CB69AD /* CircleButtonView.swift */; };
/* End PBXBuildFile section */

/* Begin PBXFileReference section */
		CE7047C52B41F0A700CB69AD /* Crypto ios.app */ = {isa = PBXFileReference; explicitFileType = wrapper.application; includeInIndex = 0; path = "Crypto ios.app"; sourceTree = BUILT_PRODUCTS_DIR; };
		CE7047C82B41F0A700CB69AD /* Crypto_iosApp.swift */ = {isa = PBXFileReference; lastKnownFileType = sourcecode.swift; path = Crypto_iosApp.swift; sourceTree = "<group>"; };
		CE7047CA2B41F0A700CB69AD /* ContentView.swift */ = {isa = PBXFileReference; lastKnownFileType = sourcecode.swift; path = ContentView.swift; sourceTree = "<group>"; };
		CE7047CC2B41F0A800CB69AD /* Assets.xcassets */ = {isa = PBXFileReference; lastKnownFileType = folder.assetcatalog; path = Assets.xcassets; sourceTree = "<group>"; };
		CE7047CF2B41F0A800CB69AD /* Preview Assets.xcassets */ = {isa = PBXFileReference; lastKnownFileType = folder.assetcatalog; path = "Preview Assets.xcassets"; sourceTree = "<group>"; };
		CE7047D72B420DEF00CB69AD /* Color.swift */ = {isa = PBXFileReference; lastKnownFileType = sourcecode.swift; path = Color.swift; sourceTree = "<group>"; };
		CE7047DD2B42134600CB69AD /* HomeView.swift */ = {isa = PBXFileReference; lastKnownFileType = sourcecode.swift; path = HomeView.swift; sourceTree = "<group>"; };
		CE7047E22B422CBE00CB69AD /* CircleButtonView.swift */ = {isa = PBXFileReference; lastKnownFileType = sourcecode.swift; path = CircleButtonView.swift; sourceTree = "<group>"; };
/* End PBXFileReference section */

/* Begin PBXFrameworksBuildPhase section */
		CE7047C22B41F0A700CB69AD /* Frameworks */ = {
			isa = PBXFrameworksBuildPhase;
			buildActionMask = 2147483647;
			files = (
			);
			runOnlyForDeploymentPostprocessing = 0;
		};
/* End PBXFrameworksBuildPhase section */

/* Begin PBXGroup section */
		CE7047BC2B41F0A700CB69AD = {
			isa = PBXGroup;
			children = (
				CE7047C72B41F0A700CB69AD /* Crypto ios */,
				CE7047C62B41F0A700CB69AD /* Products */,
			);
			sourceTree = "<group>";
		};
		CE7047C62B41F0A700CB69AD /* Products */ = {
			isa = PBXGroup;
			children = (
				CE7047C52B41F0A700CB69AD /* Crypto ios.app */,
			);
			name = Products;
			sourceTree = "<group>";
		};
		CE7047C72B41F0A700CB69AD /* Crypto ios */ = {
			isa = PBXGroup;
			children = (
				CE7047D62B420DC600CB69AD /* Extensions */,
				CE7047D92B4212D400CB69AD /* Core */,
				CE7047C82B41F0A700CB69AD /* Crypto_iosApp.swift */,
				CE7047CA2B41F0A700CB69AD /* ContentView.swift */,
				CE7047CC2B41F0A800CB69AD /* Assets.xcassets */,
				CE7047CE2B41F0A800CB69AD /* Preview Content */,
			);
			path = "Crypto ios";
			sourceTree = "<group>";
		};
		CE7047CE2B41F0A800CB69AD /* Preview Content */ = {
			isa = PBXGroup;
			children = (
				CE7047CF2B41F0A800CB69AD /* Preview Assets.xcassets */,
			);
			path = "Preview Content";
			sourceTree = "<group>";
		};
		CE7047D62B420DC600CB69AD /* Extensions */ = {
			isa = PBXGroup;
			children = (
				CE7047D72B420DEF00CB69AD /* Color.swift */,
			);
			path = Extensions;
			sourceTree = "<group>";
		};
		CE7047D92B4212D400CB69AD /* Core */ = {
			isa = PBXGroup;
			children = (
				CE7047DF2B422C8F00CB69AD /* Components */,
				CE7047DA2B4212F500CB69AD /* Home */,
			);
			path = Core;
			sourceTree = "<group>";
		};
		CE7047DA2B4212F500CB69AD /* Home */ = {
			isa = PBXGroup;
			children = (
				CE7047DC2B42130300CB69AD /* ViewModels */,
				CE7047DB2B4212FC00CB69AD /* View */,
			);
			path = Home;
			sourceTree = "<group>";
		};
		CE7047DB2B4212FC00CB69AD /* View */ = {
			isa = PBXGroup;
			children = (
				CE7047DD2B42134600CB69AD /* HomeView.swift */,
			);
			path = View;
			sourceTree = "<group>";
		};
		CE7047DC2B42130300CB69AD /* ViewModels */ = {
			isa = PBXGroup;
			children = (
			);
			path = ViewModels;
			sourceTree = "<group>";
		};
		CE7047DF2B422C8F00CB69AD /* Components */ = {
			isa = PBXGroup;
			children = (
				CE7047E12B422CA900CB69AD /* CircleButton */,
			);
			path = Components;
			sourceTree = "<group>";
		};
		CE7047E12B422CA900CB69AD /* CircleButton */ = {
			isa = PBXGroup;
			children = (
				CE7047E22B422CBE00CB69AD /* CircleButtonView.swift */,
			);
			path = CircleButton;
			sourceTree = "<group>";
		};
/* End PBXGroup section */

/* Begin PBXNativeTarget section */
		CE7047C42B41F0A700CB69AD /* Crypto ios */ = {
			isa = PBXNativeTarget;
			buildConfigurationList = CE7047D32B41F0A800CB69AD /* Build configuration list for PBXNativeTarget "Crypto ios" */;
			buildPhases = (
				CE7047C12B41F0A700CB69AD /* Sources */,
				CE7047C22B41F0A700CB69AD /* Frameworks */,
				CE7047C32B41F0A700CB69AD /* Resources */,
			);
			buildRules = (
			);
			dependencies = (
			);
			name = "Crypto ios";
			productName = "Crypto ios";
			productReference = CE7047C52B41F0A700CB69AD /* Crypto ios.app */;
			productType = "com.apple.product-type.application";
		};
/* End PBXNativeTarget section */

/* Begin PBXProject section */
		CE7047BD2B41F0A700CB69AD /* Project object */ = {
			isa = PBXProject;
			attributes = {
				BuildIndependentTargetsInParallel = 1;
				LastSwiftUpdateCheck = 1500;
				LastUpgradeCheck = 1500;
				TargetAttributes = {
					CE7047C42B41F0A700CB69AD = {
						CreatedOnToolsVersion = 15.0.1;
					};
				};
			};
			buildConfigurationList = CE7047C02B41F0A700CB69AD /* Build configuration list for PBXProject "Crypto ios" */;
			compatibilityVersion = "Xcode 14.0";
			developmentRegion = en;
			hasScannedForEncodings = 0;
			knownRegions = (
				en,
				Base,
			);
			mainGroup = CE7047BC2B41F0A700CB69AD;
			productRefGroup = CE7047C62B41F0A700CB69AD /* Products */;
			projectDirPath = "";
			projectRoot = "";
			targets = (
				CE7047C42B41F0A700CB69AD /* Crypto ios */,
			);
		};
/* End PBXProject section */

/* Begin PBXResourcesBuildPhase section */
		CE7047C32B41F0A700CB69AD /* Resources */ = {
			isa = PBXResourcesBuildPhase;
			buildActionMask = 2147483647;
			files = (
				CE7047D02B41F0A800CB69AD /* Preview Assets.xcassets in Resources */,
				CE7047CD2B41F0A800CB69AD /* Assets.xcassets in Resources */,
			);
			runOnlyForDeploymentPostprocessing = 0;
		};
/* End PBXResourcesBuildPhase section */

/* Begin PBXSourcesBuildPhase section */
		CE7047C12B41F0A700CB69AD /* Sources */ = {
			isa = PBXSourcesBuildPhase;
			buildActionMask = 2147483647;
			files = (
				CE7047CB2B41F0A700CB69AD /* ContentView.swift in Sources */,
				CE7047DE2B42134600CB69AD /* HomeView.swift in Sources */,
				CE7047C92B41F0A700CB69AD /* Crypto_iosApp.swift in Sources */,
				CE7047E32B422CBE00CB69AD /* CircleButtonView.swift in Sources */,
				CE7047D82B420DEF00CB69AD /* Color.swift in Sources */,
			);
			runOnlyForDeploymentPostprocessing = 0;
		};
/* End PBXSourcesBuildPhase section */

/* Begin XCBuildConfiguration section */
		CE7047D12B41F0A800CB69AD /* Debug */ = {
			isa = XCBuildConfiguration;
			buildSettings = {
				ALWAYS_SEARCH_USER_PATHS = NO;
				ASSETCATALOG_COMPILER_GENERATE_SWIFT_ASSET_SYMBOL_EXTENSIONS = YES;
				CLANG_ANALYZER_NONNULL = YES;
				CLANG_ANALYZER_NUMBER_OBJECT_CONVERSION = YES_AGGRESSIVE;
				CLANG_CXX_LANGUAGE_STANDARD = "gnu++20";
				CLANG_ENABLE_MODULES = YES;
				CLANG_ENABLE_OBJC_ARC = YES;
				CLANG_ENABLE_OBJC_WEAK = YES;
				CLANG_WARN_BLOCK_CAPTURE_AUTORELEASING = YES;
				CLANG_WARN_BOOL_CONVERSION = YES;
				CLANG_WARN_COMMA = YES;
				CLANG_WARN_CONSTANT_CONVERSION = YES;
				CLANG_WARN_DEPRECATED_OBJC_IMPLEMENTATIONS = YES;
				CLANG_WARN_DIRECT_OBJC_ISA_USAGE = YES_ERROR;
				CLANG_WARN_DOCUMENTATION_COMMENTS = YES;
				CLANG_WARN_EMPTY_BODY = YES;
				CLANG_WARN_ENUM_CONVERSION = YES;
				CLANG_WARN_INFINITE_RECURSION = YES;
				CLANG_WARN_INT_CONVERSION = YES;
				CLANG_WARN_NON_LITERAL_NULL_CONVERSION = YES;
				CLANG_WARN_OBJC_IMPLICIT_RETAIN_SELF = YES;
				CLANG_WARN_OBJC_LITERAL_CONVERSION = YES;
				CLANG_WARN_OBJC_ROOT_CLASS = YES_ERROR;
				CLANG_WARN_QUOTED_INCLUDE_IN_FRAMEWORK_HEADER = YES;
				CLANG_WARN_RANGE_LOOP_ANALYSIS = YES;
				CLANG_WARN_STRICT_PROTOTYPES = YES;
				CLANG_WARN_SUSPICIOUS_MOVE = YES;
				CLANG_WARN_UNGUARDED_AVAILABILITY = YES_AGGRESSIVE;
				CLANG_WARN_UNREACHABLE_CODE = YES;
				CLANG_WARN__DUPLICATE_METHOD_MATCH = YES;
				COPY_PHASE_STRIP = NO;
				DEBUG_INFORMATION_FORMAT = dwarf;
				ENABLE_STRICT_OBJC_MSGSEND = YES;
				ENABLE_TESTABILITY = YES;
				ENABLE_USER_SCRIPT_SANDBOXING = YES;
				GCC_C_LANGUAGE_STANDARD = gnu17;
				GCC_DYNAMIC_NO_PIC = NO;
				GCC_NO_COMMON_BLOCKS = YES;
				GCC_OPTIMIZATION_LEVEL = 0;
				GCC_PREPROCESSOR_DEFINITIONS = (
					"DEBUG=1",
					"$(inherited)",
				);
				GCC_WARN_64_TO_32_BIT_CONVERSION = YES;
				GCC_WARN_ABOUT_RETURN_TYPE = YES_ERROR;
				GCC_WARN_UNDECLARED_SELECTOR = YES;
				GCC_WARN_UNINITIALIZED_AUTOS = YES_AGGRESSIVE;
				GCC_WARN_UNUSED_FUNCTION = YES;
				GCC_WARN_UNUSED_VARIABLE = YES;
				IPHONEOS_DEPLOYMENT_TARGET = 17.0;
				LOCALIZATION_PREFERS_STRING_CATALOGS = YES;
				MTL_ENABLE_DEBUG_INFO = INCLUDE_SOURCE;
				MTL_FAST_MATH = YES;
				ONLY_ACTIVE_ARCH = YES;
				SDKROOT = iphoneos;
				SWIFT_ACTIVE_COMPILATION_CONDITIONS = "DEBUG $(inherited)";
				SWIFT_OPTIMIZATION_LEVEL = "-Onone";
			};
			name = Debug;
		};
		CE7047D22B41F0A800CB69AD /* Release */ = {
			isa = XCBuildConfiguration;
			buildSettings = {
				ALWAYS_SEARCH_USER_PATHS = NO;
				ASSETCATALOG_COMPILER_GENERATE_SWIFT_ASSET_SYMBOL_EXTENSIONS = YES;
				CLANG_ANALYZER_NONNULL = YES;
				CLANG_ANALYZER_NUMBER_OBJECT_CONVERSION = YES_AGGRESSIVE;
				CLANG_CXX_LANGUAGE_STANDARD = "gnu++20";
				CLANG_ENABLE_MODULES = YES;
				CLANG_ENABLE_OBJC_ARC = YES;
				CLANG_ENABLE_OBJC_WEAK = YES;
				CLANG_WARN_BLOCK_CAPTURE_AUTORELEASING = YES;
				CLANG_WARN_BOOL_CONVERSION = YES;
				CLANG_WARN_COMMA = YES;
				CLANG_WARN_CONSTANT_CONVERSION = YES;
				CLANG_WARN_DEPRECATED_OBJC_IMPLEMENTATIONS = YES;
				CLANG_WARN_DIRECT_OBJC_ISA_USAGE = YES_ERROR;
				CLANG_WARN_DOCUMENTATION_COMMENTS = YES;
				CLANG_WARN_EMPTY_BODY = YES;
				CLANG_WARN_ENUM_CONVERSION = YES;
				CLANG_WARN_INFINITE_RECURSION = YES;
				CLANG_WARN_INT_CONVERSION = YES;
				CLANG_WARN_NON_LITERAL_NULL_CONVERSION = YES;
				CLANG_WARN_OBJC_IMPLICIT_RETAIN_SELF = YES;
				CLANG_WARN_OBJC_LITERAL_CONVERSION = YES;
				CLANG_WARN_OBJC_ROOT_CLASS = YES_ERROR;
				CLANG_WARN_QUOTED_INCLUDE_IN_FRAMEWORK_HEADER = YES;
				CLANG_WARN_RANGE_LOOP_ANALYSIS = YES;
				CLANG_WARN_STRICT_PROTOTYPES = YES;
				CLANG_WARN_SUSPICIOUS_MOVE = YES;
				CLANG_WARN_UNGUARDED_AVAILABILITY = YES_AGGRESSIVE;
				CLANG_WARN_UNREACHABLE_CODE = YES;
				CLANG_WARN__DUPLICATE_METHOD_MATCH = YES;
				COPY_PHASE_STRIP = NO;
				DEBUG_INFORMATION_FORMAT = "dwarf-with-dsym";
				ENABLE_NS_ASSERTIONS = NO;
				ENABLE_STRICT_OBJC_MSGSEND = YES;
				ENABLE_USER_SCRIPT_SANDBOXING = YES;
				GCC_C_LANGUAGE_STANDARD = gnu17;
				GCC_NO_COMMON_BLOCKS = YES;
				GCC_WARN_64_TO_32_BIT_CONVERSION = YES;
				GCC_WARN_ABOUT_RETURN_TYPE = YES_ERROR;
				GCC_WARN_UNDECLARED_SELECTOR = YES;
				GCC_WARN_UNINITIALIZED_AUTOS = YES_AGGRESSIVE;
				GCC_WARN_UNUSED_FUNCTION = YES;
				GCC_WARN_UNUSED_VARIABLE = YES;
				IPHONEOS_DEPLOYMENT_TARGET = 17.0;
				LOCALIZATION_PREFERS_STRING_CATALOGS = YES;
				MTL_ENABLE_DEBUG_INFO = NO;
				MTL_FAST_MATH = YES;
				SDKROOT = iphoneos;
				SWIFT_COMPILATION_MODE = wholemodule;
				VALIDATE_PRODUCT = YES;
			};
			name = Release;
		};
		CE7047D42B41F0A800CB69AD /* Debug */ = {
			isa = XCBuildConfiguration;
			buildSettings = {
				ASSETCATALOG_COMPILER_APPICON_NAME = AppIcon;
				ASSETCATALOG_COMPILER_GLOBAL_ACCENT_COLOR_NAME = AccentColor;
				CODE_SIGN_STYLE = Automatic;
				CURRENT_PROJECT_VERSION = 1;
				DEVELOPMENT_ASSET_PATHS = "\"Crypto ios/Preview Content\"";
				DEVELOPMENT_TEAM = Z52R6G56V8;
				ENABLE_PREVIEWS = YES;
				GENERATE_INFOPLIST_FILE = YES;
				INFOPLIST_KEY_CFBundleDisplayName = "Crypto Tracker";
				INFOPLIST_KEY_LSApplicationCategoryType = "public.app-category.finance";
				INFOPLIST_KEY_UIApplicationSceneManifest_Generation = YES;
				INFOPLIST_KEY_UIApplicationSupportsIndirectInputEvents = YES;
				INFOPLIST_KEY_UILaunchScreen_Generation = YES;
				INFOPLIST_KEY_UISupportedInterfaceOrientations = UIInterfaceOrientationPortrait;
				INFOPLIST_KEY_UISupportedInterfaceOrientations_iPad = "UIInterfaceOrientationLandscapeLeft UIInterfaceOrientationLandscapeRight UIInterfaceOrientationPortrait UIInterfaceOrientationPortraitUpsideDown";
				LD_RUNPATH_SEARCH_PATHS = (
					"$(inherited)",
					"@executable_path/Frameworks",
				);
				MARKETING_VERSION = 1.0;
				PRODUCT_BUNDLE_IDENTIFIER = "com.avicodes.Crypto-ios";
				PRODUCT_NAME = "$(TARGET_NAME)";
				SWIFT_EMIT_LOC_STRINGS = YES;
				SWIFT_VERSION = 5.0;
				TARGETED_DEVICE_FAMILY = "1,2";
			};
			name = Debug;
		};
		CE7047D52B41F0A800CB69AD /* Release */ = {
			isa = XCBuildConfiguration;
			buildSettings = {
				ASSETCATALOG_COMPILER_APPICON_NAME = AppIcon;
				ASSETCATALOG_COMPILER_GLOBAL_ACCENT_COLOR_NAME = AccentColor;
				CODE_SIGN_STYLE = Automatic;
				CURRENT_PROJECT_VERSION = 1;
				DEVELOPMENT_ASSET_PATHS = "\"Crypto ios/Preview Content\"";
				DEVELOPMENT_TEAM = Z52R6G56V8;
				ENABLE_PREVIEWS = YES;
				GENERATE_INFOPLIST_FILE = YES;
				INFOPLIST_KEY_CFBundleDisplayName = "Crypto Tracker";
				INFOPLIST_KEY_LSApplicationCategoryType = "public.app-category.finance";
				INFOPLIST_KEY_UIApplicationSceneManifest_Generation = YES;
				INFOPLIST_KEY_UIApplicationSupportsIndirectInputEvents = YES;
				INFOPLIST_KEY_UILaunchScreen_Generation = YES;
				INFOPLIST_KEY_UISupportedInterfaceOrientations = UIInterfaceOrientationPortrait;
				INFOPLIST_KEY_UISupportedInterfaceOrientations_iPad = "UIInterfaceOrientationLandscapeLeft UIInterfaceOrientationLandscapeRight UIInterfaceOrientationPortrait UIInterfaceOrientationPortraitUpsideDown";
				LD_RUNPATH_SEARCH_PATHS = (
					"$(inherited)",
					"@executable_path/Frameworks",
				);
				MARKETING_VERSION = 1.0;
				PRODUCT_BUNDLE_IDENTIFIER = "com.avicodes.Crypto-ios";
				PRODUCT_NAME = "$(TARGET_NAME)";
				SWIFT_EMIT_LOC_STRINGS = YES;
				SWIFT_VERSION = 5.0;
				TARGETED_DEVICE_FAMILY = "1,2";
			};
			name = Release;
		};
/* End XCBuildConfiguration section */

/* Begin XCConfigurationList section */
		CE7047C02B41F0A700CB69AD /* Build configuration list for PBXProject "Crypto ios" */ = {
			isa = XCConfigurationList;
			buildConfigurations = (
				CE7047D12B41F0A800CB69AD /* Debug */,
				CE7047D22B41F0A800CB69AD /* Release */,
			);
			defaultConfigurationIsVisible = 0;
			defaultConfigurationName = Release;
		};
		CE7047D32B41F0A800CB69AD /* Build configuration list for PBXNativeTarget "Crypto ios" */ = {
			isa = XCConfigurationList;
			buildConfigurations = (
				CE7047D42B41F0A800CB69AD /* Debug */,
				CE7047D52B41F0A800CB69AD /* Release */,
			);
			defaultConfigurationIsVisible = 0;
			defaultConfigurationName = Release;
		};
/* End XCConfigurationList section */
	};
	rootObject = CE7047BD2B41F0A700CB69AD /* Project object */;
}
